
Microsoft Visual Studio Solution File, Format Version 12.00
# Visual Studio Version 17
VisualStudioVersion = 17.10.35004.147
MinimumVisualStudioVersion = 10.0.40219.1
Project("{2150E333-8FDC-42A3-9474-1A3956D46DE8}") = "0_Core", "0_Core", "{5DC63395-2289-4EF7-806F-82952ABD8EBE}"
EndProject
Project("{2150E333-8FDC-42A3-9474-1A3956D46DE8}") = "1_Infrastructure", "1_Infrastructure", "{25C222B5-8E76-4984-BF4B-0DD0EE091EAF}"
EndProject
Project("{2150E333-8FDC-42A3-9474-1A3956D46DE8}") = "2_API", "2_API", "{DB835FD2-ED85-4716-8A2A-A09071FE6D74}"
EndProject
Project("{9A19103F-16F7-4668-BE54-9A1E7A4F7556}") = "KafkaProducerSample.Core", "src\Core\KafkaProducerSample.Core.csproj", "{96712519-FA7B-44EB-BA99-23AE4C67D64D}"
EndProject
Project("{9A19103F-16F7-4668-BE54-9A1E7A4F7556}") = "KafkaProducerSample.API", "src\API\KafkaProducerSample.API.csproj", "{3FF6D542-9A3F-43FD-9558-F91D1D04F187}"
EndProject
Project("{9A19103F-16F7-4668-BE54-9A1E7A4F7556}") = "KafkaProducerSample.Persistence", "src\Infrastructure\KafkaProducerSample.Persistence\KafkaProducerSample.Persistence.csproj", "{5A84E764-DD51-4D72-8663-C3F87A54BEA7}"
EndProject
Global
	GlobalSection(SolutionConfigurationPlatforms) = preSolution
		Debug|Any CPU = Debug|Any CPU
		Release|Any CPU = Release|Any CPU
	EndGlobalSection
	GlobalSection(ProjectConfigurationPlatforms) = postSolution
		{96712519-FA7B-44EB-BA99-23AE4C67D64D}.Debug|Any CPU.ActiveCfg = Debug|Any CPU
		{96712519-FA7B-44EB-BA99-23AE4C67D64D}.Debug|Any CPU.Build.0 = Debug|Any CPU
		{96712519-FA7B-44EB-BA99-23AE4C67D64D}.Release|Any CPU.ActiveCfg = Release|Any CPU
		{96712519-FA7B-44EB-BA99-23AE4C67D64D}.Release|Any CPU.Build.0 = Release|Any CPU
		{3FF6D542-9A3F-43FD-9558-F91D1D04F187}.Debug|Any CPU.ActiveCfg = Debug|Any CPU
		{3FF6D542-9A3F-43FD-9558-F91D1D04F187}.Debug|Any CPU.Build.0 = Debug|Any CPU
		{3FF6D542-9A3F-43FD-9558-F91D1D04F187}.Release|Any CPU.ActiveCfg = Release|Any CPU
		{3FF6D542-9A3F-43FD-9558-F91D1D04F187}.Release|Any CPU.Build.0 = Release|Any CPU
		{5A84E764-DD51-4D72-8663-C3F87A54BEA7}.Debug|Any CPU.ActiveCfg = Debug|Any CPU
		{5A84E764-DD51-4D72-8663-C3F87A54BEA7}.Debug|Any CPU.Build.0 = Debug|Any CPU
		{5A84E764-DD51-4D72-8663-C3F87A54BEA7}.Release|Any CPU.ActiveCfg = Release|Any CPU
		{5A84E764-DD51-4D72-8663-C3F87A54BEA7}.Release|Any CPU.Build.0 = Release|Any CPU
	EndGlobalSection
	GlobalSection(SolutionProperties) = preSolution
		HideSolutionNode = FALSE
	EndGlobalSection
	GlobalSection(NestedProjects) = preSolution
		{96712519-FA7B-44EB-BA99-23AE4C67D64D} = {5DC63395-2289-4EF7-806F-82952ABD8EBE}
		{3FF6D542-9A3F-43FD-9558-F91D1D04F187} = {DB835FD2-ED85-4716-8A2A-A09071FE6D74}
		{5A84E764-DD51-4D72-8663-C3F87A54BEA7} = {25C222B5-8E76-4984-BF4B-0DD0EE091EAF}
	EndGlobalSection
	GlobalSection(ExtensibilityGlobals) = postSolution
		SolutionGuid = {33E2F40C-7E85-471A-A5BA-1B190A9314DB}
	EndGlobalSection
EndGlobal
